// !$*UTF8*$!
{
	archiveVersion = 1;
	classes = {
	};
	objectVersion = 50;
	objects = {

/* Begin PBXBuildFile section */
		F8305FAA2F9E9EE700B54CFC /* AppDelegate.swift in Sources */ = {isa = PBXBuildFile; fileRef = F8305FA92F9E9EE700B54CFC /* AppDelegate.swift */; };
		F8305FAC2F9E9EE700B54CFC /* SceneDelegate.swift in Sources */ = {isa = PBXBuildFile; fileRef = F8305FAB2F9E9EE700B54CFC /* SceneDelegate.swift */; };
		F8305FAE2F9E9EE700B54CFC /* ViewController.swift in Sources */ = {isa = PBXBuildFile; fileRef = F8305FAD2F9E9EE700B54CFC /* ViewController.swift */; };
		F8305FB12F9E9EE700B54CFC /* Main.storyboard in Resources */ = {isa = PBXBuildFile; fileRef = F8305FAF2F9E9EE700B54CFC /* Main.storyboard */; };
		F8305FB32F9E9EE800B54CFC /* Assets.xcassets in Resources */ = {isa = PBXBuildFile; fileRef = F8305FB22F9E9EE800B54CFC /* Assets.xcassets */; };
		F8305FB62F9E9EE800B54CFC /* LaunchScreen.storyboard in Resources */ = {isa = PBXBuildFile; fileRef = F8305FB42F9E9EE800B54CFC /* LaunchScreen.storyboard */; };
		F8305FBF2F9E9F3900B54CFC /* CanvasView.swift in Sources */ = {isa = PBXBuildFile; fileRef = F8305FBE2F9E9F3900B54CFC /* CanvasView.swift */; };
		F8305FC22F9E9F7400B54CFC /* ShapeData.swift in Sources */ = {isa = PBXBuildFile; fileRef = F8305FC12F9E9F7400B54CFC /* ShapeData.swift */; };
/* End PBXBuildFile section */

/* Begin PBXFileReference section */
		F8305FA62F9E9EE700B54CFC /* lab7_task2_2.app */ = {isa = PBXFileReference; explicitFileType = wrapper.application; includeInIndex = 0; path = lab7_task2_2.app; sourceTree = BUILT_PRODUCTS_DIR; };
		F8305FA92F9E9EE700B54CFC /* AppDelegate.swift */ = {isa = PBXFileReference; lastKnownFileType = sourcecode.swift; path = AppDelegate.swift; sourceTree = "<group>"; };
		F8305FAB2F9E9EE700B54CFC /* SceneDelegate.swift */ = {isa = PBXFileReference; lastKnownFileType = sourcecode.swift; path = SceneDelegate.swift; sourceTree = "<group>"; };
		F8305FAD2F9E9EE700B54CFC /* ViewController.swift */ = {isa = PBXFileReference; lastKnownFileType = sourcecode.swift; path = ViewController.swift; sourceTree = "<group>"; };
		F8305FB02F9E9EE700B54CFC /* Base */ = {isa = PBXFileReference; lastKnownFileType = file.storyboard; name = Base; path = Base.lproj/Main.storyboard; sourceTree = "<group>"; };
		F8305FB22F9E9EE800B54CFC /* Assets.xcassets */ = {isa = PBXFileReference; lastKnownFileType = folder.assetcatalog; path = Assets.xcassets; sourceTree = "<group>"; };
		F8305FB52F9E9EE800B54CFC /* Base */ = {isa = PBXFileReference; lastKnownFileType = file.storyboard; name = Base; path = Base.lproj/LaunchScreen.storyboard; sourceTree = "<group>"; };
		F8305FB72F9E9EE800B54CFC /* Info.plist */ = {isa = PBXFileReference; lastKnownFileType = text.plist.xml; path = Info.plist; sourceTree = "<group>"; };
		F8305FBE2F9E9F3900B54CFC /* CanvasView.swift */ = {isa = PBXFileReference; lastKnownFileType = sourcecode.swift; path = CanvasView.swift; sourceTree = "<group>"; };
		F8305FC12F9E9F7400B54CFC /* ShapeData.swift */ = {isa = PBXFileReference; lastKnownFileType = sourcecode.swift; path = ShapeData.swift; sourceTree = "<group>"; };
/* End PBXFileReference section */

/* Begin PBXFrameworksBuildPhase section */
		F8305FA32F9E9EE700B54CFC /* Frameworks */ = {
			isa = PBXFrameworksBuildPhase;
			buildActionMask = 2147483647;
			files = (
			);
			runOnlyForDeploymentPostprocessing = 0;
		};
/* End PBXFrameworksBuildPhase section */

/* Begin PBXGroup section */
		F82595C52FA107B600FAA800 /* Model */ = {
			isa = PBXGroup;
			children = (
				F8305FC12F9E9F7400B54CFC /* ShapeData.swift */,
			);
			path = Model;
			sourceTree = "<group>";
		};
		F82595C62FA107C300FAA800 /* View */ = {
			isa = PBXGroup;
			children = (
				F8305FBE2F9E9F3900B54CFC /* CanvasView.swift */,
			);
			path = View;
			sourceTree = "<group>";
		};
		F82595C72FA107CB00FAA800 /* Controller */ = {
			isa = PBXGroup;
			children = (
				F8305FAD2F9E9EE700B54CFC /* ViewController.swift */,
			);
			path = Controller;
			sourceTree = "<group>";
		};
		F8305F9D2F9E9EE700B54CFC = {
			isa = PBXGroup;
			children = (
				F8305FA82F9E9EE700B54CFC /* lab7_task2_2 */,
				F8305FA72F9E9EE700B54CFC /* Products */,
			);
			sourceTree = "<group>";
		};
		F8305FA72F9E9EE700B54CFC /* Products */ = {
			isa = PBXGroup;
			children = (
				F8305FA62F9E9EE700B54CFC /* lab7_task2_2.app */,
			);
			name = Products;
			sourceTree = "<group>";
		};
		F8305FA82F9E9EE700B54CFC /* lab7_task2_2 */ = {
			isa = PBXGroup;
			children = (
				F82595C72FA107CB00FAA800 /* Controller */,
				F82595C62FA107C300FAA800 /* View */,
				F82595C52FA107B600FAA800 /* Model */,
				F8305FA92F9E9EE700B54CFC /* AppDelegate.swift */,
				F8305FAB2F9E9EE700B54CFC /* SceneDelegate.swift */,
				F8305FAF2F9E9EE700B54CFC /* Main.storyboard */,
				F8305FB22F9E9EE800B54CFC /* Assets.xcassets */,
				F8305FB42F9E9EE800B54CFC /* LaunchScreen.storyboard */,
				F8305FB72F9E9EE800B54CFC /* Info.plist */,
			);
			path = lab7_task2_2;
			sourceTree = "<group>";
		};
/* End PBXGroup section */

/* Begin PBXNativeTarget section */
		F8305FA52F9E9EE700B54CFC /* lab7_task2_2 */ = {
			isa = PBXNativeTarget;
			buildConfigurationList = F8305FBA2F9E9EE800B54CFC /* Build configuration list for PBXNativeTarget "lab7_task2_2" */;
			buildPhases = (
				F8305FA22F9E9EE700B54CFC /* Sources */,
				F8305FA32F9E9EE700B54CFC /* Frameworks */,
				F8305FA42F9E9EE700B54CFC /* Resources */,
			);
			buildRules = (
			);
			dependencies = (
			);
			name = lab7_task2_2;
			productName = lab7_task2_2;
			productReference = F8305FA62F9E9EE700B54CFC /* lab7_task2_2.app */;
			productType = "com.apple.product-type.application";
		};
/* End PBXNativeTarget section */

/* Begin PBXProject section */
		F8305F9E2F9E9EE700B54CFC /* Project object */ = {
			isa = PBXProject;
			attributes = {
				LastSwiftUpdateCheck = 1240;
				LastUpgradeCheck = 1240;
				TargetAttributes = {
					F8305FA52F9E9EE700B54CFC = {
						CreatedOnToolsVersion = 12.4;
					};
				};
			};
			buildConfigurationList = F8305FA12F9E9EE700B54CFC /* Build configuration list for PBXProject "lab7_task2_2" */;
			compatibilityVersion = "Xcode 9.3";
			developmentRegion = en;
			hasScannedForEncodings = 0;
			knownRegions = (
				en,
				Base,
			);
			mainGroup = F8305F9D2F9E9EE700B54CFC;
			productRefGroup = F8305FA72F9E9EE700B54CFC /* Products */;
			projectDirPath = "";
			projectRoot = "";
			targets = (
				F8305FA52F9E9EE700B54CFC /* lab7_task2_2 */,
			);
		};
/* End PBXProject section */

/* Begin PBXResourcesBuildPhase section */
		F8305FA42F9E9EE700B54CFC /* Resources */ = {
			isa = PBXResourcesBuildPhase;
			buildActionMask = 2147483647;
			files = (
				F8305FB62F9E9EE800B54CFC /* LaunchScreen.storyboard in Resources */,
				F8305FB32F9E9EE800B54CFC /* Assets.xcassets in Resources */,
				F8305FB12F9E9EE700B54CFC /* Main.storyboard in Resources */,
			);
			runOnlyForDeploymentPostprocessing = 0;
		};
/* End PBXResourcesBuildPhase section */

/* Begin PBXSourcesBuildPhase section */
		F8305FA22F9E9EE700B54CFC /* Sources */ = {
			isa = PBXSourcesBuildPhase;
			buildActionMask = 2147483647;
			files = (
				F8305FAE2F9E9EE700B54CFC /* ViewController.swift in Sources */,
				F8305FAA2F9E9EE700B54CFC /* AppDelegate.swift in Sources */,
				F8305FBF2F9E9F3900B54CFC /* CanvasView.swift in Sources */,
				F8305FC22F9E9F7400B54CFC /* ShapeData.swift in Sources */,
				F8305FAC2F9E9EE700B54CFC /* SceneDelegate.swift in Sources */,
			);
			runOnlyForDeploymentPostprocessing = 0;
		};
/* End PBXSourcesBuildPhase section */

/* Begin PBXVariantGroup section */
		F8305FAF2F9E9EE700B54CFC /* Main.storyboard */ = {
			isa = PBXVariantGroup;
			children = (
				F8305FB02F9E9EE700B54CFC /* Base */,
			);
			name = Main.storyboard;
			sourceTree = "<group>";
		};
		F8305FB42F9E9EE800B54CFC /* LaunchScreen.storyboard */ = {
			isa = PBXVariantGroup;
			children = (
				F8305FB52F9E9EE800B54CFC /* Base */,
			);
			name = LaunchScreen.storyboard;
			sourceTree = "<group>";
		};
/* End PBXVariantGroup section */

/* Begin XCBuildConfiguration section */
		F8305FB82F9E9EE800B54CFC /* Debug */ = {
			isa = XCBuildConfiguration;
			buildSettings = {
				ALWAYS_SEARCH_USER_PATHS = NO;
				CLANG_ANALYZER_NONNULL = YES;
				CLANG_ANALYZER_NUMBER_OBJECT_CONVERSION = YES_AGGRESSIVE;
				CLANG_CXX_LANGUAGE_STANDARD = "gnu++14";
				CLANG_CXX_LIBRARY = "libc++";
				CLANG_ENABLE_MODULES = YES;
				CLANG_ENABLE_OBJC_ARC = YES;
				CLANG_ENABLE_OBJC_WEAK = YES;
				CLANG_WARN_BLOCK_CAPTURE_AUTORELEASING = YES;
				CLANG_WARN_BOOL_CONVERSION = YES;
				CLANG_WARN_COMMA = YES;
				CLANG_WARN_CONSTANT_CONVERSION = YES;
				CLANG_WARN_DEPRECATED_OBJC_IMPLEMENTATIONS = YES;
				CLANG_WARN_DIRECT_OBJC_ISA_USAGE = YES_ERROR;
				CLANG_WARN_DOCUMENTATION_COMMENTS = YES;
				CLANG_WARN_EMPTY_BODY = YES;
				CLANG_WARN_ENUM_CONVERSION = YES;
				CLANG_WARN_INFINITE_RECURSION = YES;
				CLANG_WARN_INT_CONVERSION = YES;
				CLANG_WARN_NON_LITERAL_NULL_CONVERSION = YES;
				CLANG_WARN_OBJC_IMPLICIT_RETAIN_SELF = YES;
				CLANG_WARN_OBJC_LITERAL_CONVERSION = YES;
				CLANG_WARN_OBJC_ROOT_CLASS = YES_ERROR;
				CLANG_WARN_QUOTED_INCLUDE_IN_FRAMEWORK_HEADER = YES;
				CLANG_WARN_RANGE_LOOP_ANALYSIS = YES;
				CLANG_WARN_STRICT_PROTOTYPES = YES;
				CLANG_WARN_SUSPICIOUS_MOVE = YES;
				CLANG_WARN_UNGUARDED_AVAILABILITY = YES_AGGRESSIVE;
				CLANG_WARN_UNREACHABLE_CODE = YES;
				CLANG_WARN__DUPLICATE_METHOD_MATCH = YES;
				COPY_PHASE_STRIP = NO;
				DEBUG_INFORMATION_FORMAT = dwarf;
				ENABLE_STRICT_OBJC_MSGSEND = YES;
				ENABLE_TESTABILITY = YES;
				GCC_C_LANGUAGE_STANDARD = gnu11;
				GCC_DYNAMIC_NO_PIC = NO;
				GCC_NO_COMMON_BLOCKS = YES;
				GCC_OPTIMIZATION_LEVEL = 0;
				GCC_PREPROCESSOR_DEFINITIONS = (
					"DEBUG=1",
					"$(inherited)",
				);
				GCC_WARN_64_TO_32_BIT_CONVERSION = YES;
				GCC_WARN_ABOUT_RETURN_TYPE = YES_ERROR;
				GCC_WARN_UNDECLARED_SELECTOR = YES;
				GCC_WARN_UNINITIALIZED_AUTOS = YES_AGGRESSIVE;
				GCC_WARN_UNUSED_FUNCTION = YES;
				GCC_WARN_UNUSED_VARIABLE = YES;
				IPHONEOS_DEPLOYMENT_TARGET = 14.4;
				MTL_ENABLE_DEBUG_INFO = INCLUDE_SOURCE;
				MTL_FAST_MATH = YES;
				ONLY_ACTIVE_ARCH = YES;
				SDKROOT = iphoneos;
				SWIFT_ACTIVE_COMPILATION_CONDITIONS = DEBUG;
				SWIFT_OPTIMIZATION_LEVEL = "-Onone";
			};
			name = Debug;
		};
		F8305FB92F9E9EE800B54CFC /* Release */ = {
			isa = XCBuildConfiguration;
			buildSettings = {
				ALWAYS_SEARCH_USER_PATHS = NO;
				CLANG_ANALYZER_NONNULL = YES;
				CLANG_ANALYZER_NUMBER_OBJECT_CONVERSION = YES_AGGRESSIVE;
				CLANG_CXX_LANGUAGE_STANDARD = "gnu++14";
				CLANG_CXX_LIBRARY = "libc++";
				CLANG_ENABLE_MODULES = YES;
				CLANG_ENABLE_OBJC_ARC = YES;
				CLANG_ENABLE_OBJC_WEAK = YES;
				CLANG_WARN_BLOCK_CAPTURE_AUTORELEASING = YES;
				CLANG_WARN_BOOL_CONVERSION = YES;
				CLANG_WARN_COMMA = YES;
				CLANG_WARN_CONSTANT_CONVERSION = YES;
				CLANG_WARN_DEPRECATED_OBJC_IMPLEMENTATIONS = YES;
				CLANG_WARN_DIRECT_OBJC_ISA_USAGE = YES_ERROR;
				CLANG_WARN_DOCUMENTATION_COMMENTS = YES;
				CLANG_WARN_EMPTY_BODY = YES;
				CLANG_WARN_ENUM_CONVERSION = YES;
				CLANG_WARN_INFINITE_RECURSION = YES;
				CLANG_WARN_INT_CONVERSION = YES;
				CLANG_WARN_NON_LITERAL_NULL_CONVERSION = YES;
				CLANG_WARN_OBJC_IMPLICIT_RETAIN_SELF = YES;
				CLANG_WARN_OBJC_LITERAL_CONVERSION = YES;
				CLANG_WARN_OBJC_ROOT_CLASS = YES_ERROR;
				CLANG_WARN_QUOTED_INCLUDE_IN_FRAMEWORK_HEADER = YES;
				CLANG_WARN_RANGE_LOOP_ANALYSIS = YES;
				CLANG_WARN_STRICT_PROTOTYPES = YES;
				CLANG_WARN_SUSPICIOUS_MOVE = YES;
				CLANG_WARN_UNGUARDED_AVAILABILITY = YES_AGGRESSIVE;
				CLANG_WARN_UNREACHABLE_CODE = YES;
				CLANG_WARN__DUPLICATE_METHOD_MATCH = YES;
				COPY_PHASE_STRIP = NO;
				DEBUG_INFORMATION_FORMAT = "dwarf-with-dsym";
				ENABLE_NS_ASSERTIONS = NO;
				ENABLE_STRICT_OBJC_MSGSEND = YES;
				GCC_C_LANGUAGE_STANDARD = gnu11;
				GCC_NO_COMMON_BLOCKS = YES;
				GCC_WARN_64_TO_32_BIT_CONVERSION = YES;
				GCC_WARN_ABOUT_RETURN_TYPE = YES_ERROR;
				GCC_WARN_UNDECLARED_SELECTOR = YES;
				GCC_WARN_UNINITIALIZED_AUTOS = YES_AGGRESSIVE;
				GCC_WARN_UNUSED_FUNCTION = YES;
				GCC_WARN_UNUSED_VARIABLE = YES;
				IPHONEOS_DEPLOYMENT_TARGET = 14.4;
				MTL_ENABLE_DEBUG_INFO = NO;
				MTL_FAST_MATH = YES;
				SDKROOT = iphoneos;
				SWIFT_COMPILATION_MODE = wholemodule;
				SWIFT_OPTIMIZATION_LEVEL = "-O";
				VALIDATE_PRODUCT = YES;
			};
			name = Release;
		};
		F8305FBB2F9E9EE800B54CFC /* Debug */ = {
			isa = XCBuildConfiguration;
			buildSettings = {
				ASSETCATALOG_COMPILER_APPICON_NAME = AppIcon;
				ASSETCATALOG_COMPILER_GLOBAL_ACCENT_COLOR_NAME = AccentColor;
				CODE_SIGN_STYLE = Automatic;
				DEVELOPMENT_TEAM = 54QT99JXZR;
				INFOPLIST_FILE = lab7_task2_2/Info.plist;
				LD_RUNPATH_SEARCH_PATHS = (
					"$(inherited)",
					"@executable_path/Frameworks",
				);
				PRODUCT_BUNDLE_IDENTIFIER = "t.lab7-task2-2";
				PRODUCT_NAME = "$(TARGET_NAME)";
				SWIFT_VERSION = 5.0;
				TARGETED_DEVICE_FAMILY = "1,2";
			};
			name = Debug;
		};
		F8305FBC2F9E9EE800B54CFC /* Release */ = {
			isa = XCBuildConfiguration;
			buildSettings = {
				ASSETCATALOG_COMPILER_APPICON_NAME = AppIcon;
				ASSETCATALOG_COMPILER_GLOBAL_ACCENT_COLOR_NAME = AccentColor;
				CODE_SIGN_STYLE = Automatic;
				DEVELOPMENT_TEAM = 54QT99JXZR;
				INFOPLIST_FILE = lab7_task2_2/Info.plist;
				LD_RUNPATH_SEARCH_PATHS = (
					"$(inherited)",
					"@executable_path/Frameworks",
				);
				PRODUCT_BUNDLE_IDENTIFIER = "t.lab7-task2-2";
				PRODUCT_NAME = "$(TARGET_NAME)";
				SWIFT_VERSION = 5.0;
				TARGETED_DEVICE_FAMILY = "1,2";
			};
			name = Release;
		};
/* End XCBuildConfiguration section */

/* Begin XCConfigurationList section */
		F8305FA12F9E9EE700B54CFC /* Build configuration list for PBXProject "lab7_task2_2" */ = {
			isa = XCConfigurationList;
			buildConfigurations = (
				F8305FB82F9E9EE800B54CFC /* Debug */,
				F8305FB92F9E9EE800B54CFC /* Release */,
			);
			defaultConfigurationIsVisible = 0;
			defaultConfigurationName = Release;
		};
		F8305FBA2F9E9EE800B54CFC /* Build configuration list for PBXNativeTarget "lab7_task2_2" */ = {
			isa = XCConfigurationList;
			buildConfigurations = (
				F8305FBB2F9E9EE800B54CFC /* Debug */,
				F8305FBC2F9E9EE800B54CFC /* Release */,
			);
			defaultConfigurationIsVisible = 0;
			defaultConfigurationName = Release;
		};
/* End XCConfigurationList section */
	};
	rootObject = F8305F9E2F9E9EE700B54CFC /* Project object */;
}
