// !$*UTF8*$!
{
	archiveVersion = 1;
	classes = {
	};
	objectVersion = 50;
	objects = {

/* Begin PBXBuildFile section */
		F85E7E062FAF62B500A28C60 /* AppDelegate.swift in Sources */ = {isa = PBXBuildFile; fileRef = F85E7E052FAF62B500A28C60 /* AppDelegate.swift */; };
		F85E7E082FAF62B500A28C60 /* SceneDelegate.swift in Sources */ = {isa = PBXBuildFile; fileRef = F85E7E072FAF62B500A28C60 /* SceneDelegate.swift */; };
		F85E7E0A2FAF62B500A28C60 /* ViewController.swift in Sources */ = {isa = PBXBuildFile; fileRef = F85E7E092FAF62B500A28C60 /* ViewController.swift */; };
		F85E7E0D2FAF62B500A28C60 /* Main.storyboard in Resources */ = {isa = PBXBuildFile; fileRef = F85E7E0B2FAF62B500A28C60 /* Main.storyboard */; };
		F85E7E0F2FAF62B600A28C60 /* Assets.xcassets in Resources */ = {isa = PBXBuildFile; fileRef = F85E7E0E2FAF62B600A28C60 /* Assets.xcassets */; };
		F85E7E122FAF62B600A28C60 /* LaunchScreen.storyboard in Resources */ = {isa = PBXBuildFile; fileRef = F85E7E102FAF62B600A28C60 /* LaunchScreen.storyboard */; };
		F85E7E1B2FAF630200A28C60 /* myData.plist in Resources */ = {isa = PBXBuildFile; fileRef = F85E7E1A2FAF630200A28C60 /* myData.plist */; };
/* End PBXBuildFile section */

/* Begin PBXFileReference section */
		F85E7E022FAF62B500A28C60 /* lab8_ex1.app */ = {isa = PBXFileReference; explicitFileType = wrapper.application; includeInIndex = 0; path = lab8_ex1.app; sourceTree = BUILT_PRODUCTS_DIR; };
		F85E7E052FAF62B500A28C60 /* AppDelegate.swift */ = {isa = PBXFileReference; lastKnownFileType = sourcecode.swift; path = AppDelegate.swift; sourceTree = "<group>"; };
		F85E7E072FAF62B500A28C60 /* SceneDelegate.swift */ = {isa = PBXFileReference; lastKnownFileType = sourcecode.swift; path = SceneDelegate.swift; sourceTree = "<group>"; };
		F85E7E092FAF62B500A28C60 /* ViewController.swift */ = {isa = PBXFileReference; lastKnownFileType = sourcecode.swift; path = ViewController.swift; sourceTree = "<group>"; };
		F85E7E0C2FAF62B500A28C60 /* Base */ = {isa = PBXFileReference; lastKnownFileType = file.storyboard; name = Base; path = Base.lproj/Main.storyboard; sourceTree = "<group>"; };
		F85E7E0E2FAF62B600A28C60 /* Assets.xcassets */ = {isa = PBXFileReference; lastKnownFileType = folder.assetcatalog; path = Assets.xcassets; sourceTree = "<group>"; };
		F85E7E112FAF62B600A28C60 /* Base */ = {isa = PBXFileReference; lastKnownFileType = file.storyboard; name = Base; path = Base.lproj/LaunchScreen.storyboard; sourceTree = "<group>"; };
		F85E7E132FAF62B600A28C60 /* Info.plist */ = {isa = PBXFileReference; lastKnownFileType = text.plist.xml; path = Info.plist; sourceTree = "<group>"; };
		F85E7E1A2FAF630200A28C60 /* myData.plist */ = {isa = PBXFileReference; lastKnownFileType = text.plist.xml; path = myData.plist; sourceTree = "<group>"; };
/* End PBXFileReference section */

/* Begin PBXFrameworksBuildPhase section */
		F85E7DFF2FAF62B500A28C60 /* Frameworks */ = {
			isa = PBXFrameworksBuildPhase;
			buildActionMask = 2147483647;
			files = (
			);
			runOnlyForDeploymentPostprocessing = 0;
		};
/* End PBXFrameworksBuildPhase section */

/* Begin PBXGroup section */
		F85E7DF92FAF62B500A28C60 = {
			isa = PBXGroup;
			children = (
				F85E7E042FAF62B500A28C60 /* lab8_ex1 */,
				F85E7E032FAF62B500A28C60 /* Products */,
			);
			sourceTree = "<group>";
		};
		F85E7E032FAF62B500A28C60 /* Products */ = {
			isa = PBXGroup;
			children = (
				F85E7E022FAF62B500A28C60 /* lab8_ex1.app */,
			);
			name = Products;
			sourceTree = "<group>";
		};
		F85E7E042FAF62B500A28C60 /* lab8_ex1 */ = {
			isa = PBXGroup;
			children = (
				F85E7E052FAF62B500A28C60 /* AppDelegate.swift */,
				F85E7E072FAF62B500A28C60 /* SceneDelegate.swift */,
				F85E7E092FAF62B500A28C60 /* ViewController.swift */,
				F85E7E0B2FAF62B500A28C60 /* Main.storyboard */,
				F85E7E0E2FAF62B600A28C60 /* Assets.xcassets */,
				F85E7E102FAF62B600A28C60 /* LaunchScreen.storyboard */,
				F85E7E132FAF62B600A28C60 /* Info.plist */,
				F85E7E1A2FAF630200A28C60 /* myData.plist */,
			);
			path = lab8_ex1;
			sourceTree = "<group>";
		};
/* End PBXGroup section */

/* Begin PBXNativeTarget section */
		F85E7E012FAF62B500A28C60 /* lab8_ex1 */ = {
			isa = PBXNativeTarget;
			buildConfigurationList = F85E7E162FAF62B600A28C60 /* Build configuration list for PBXNativeTarget "lab8_ex1" */;
			buildPhases = (
				F85E7DFE2FAF62B500A28C60 /* Sources */,
				F85E7DFF2FAF62B500A28C60 /* Frameworks */,
				F85E7E002FAF62B500A28C60 /* Resources */,
			);
			buildRules = (
			);
			dependencies = (
			);
			name = lab8_ex1;
			productName = lab8_ex1;
			productReference = F85E7E022FAF62B500A28C60 /* lab8_ex1.app */;
			productType = "com.apple.product-type.application";
		};
/* End PBXNativeTarget section */

/* Begin PBXProject section */
		F85E7DFA2FAF62B500A28C60 /* Project object */ = {
			isa = PBXProject;
			attributes = {
				LastSwiftUpdateCheck = 1240;
				LastUpgradeCheck = 1240;
				TargetAttributes = {
					F85E7E012FAF62B500A28C60 = {
						CreatedOnToolsVersion = 12.4;
					};
				};
			};
			buildConfigurationList = F85E7DFD2FAF62B500A28C60 /* Build configuration list for PBXProject "lab8_ex1" */;
			compatibilityVersion = "Xcode 9.3";
			developmentRegion = en;
			hasScannedForEncodings = 0;
			knownRegions = (
				en,
				Base,
			);
			mainGroup = F85E7DF92FAF62B500A28C60;
			productRefGroup = F85E7E032FAF62B500A28C60 /* Products */;
			projectDirPath = "";
			projectRoot = "";
			targets = (
				F85E7E012FAF62B500A28C60 /* lab8_ex1 */,
			);
		};
/* End PBXProject section */

/* Begin PBXResourcesBuildPhase section */
		F85E7E002FAF62B500A28C60 /* Resources */ = {
			isa = PBXResourcesBuildPhase;
			buildActionMask = 2147483647;
			files = (
				F85E7E122FAF62B600A28C60 /* LaunchScreen.storyboard in Resources */,
				F85E7E0F2FAF62B600A28C60 /* Assets.xcassets in Resources */,
				F85E7E1B2FAF630200A28C60 /* myData.plist in Resources */,
				F85E7E0D2FAF62B500A28C60 /* Main.storyboard in Resources */,
			);
			runOnlyForDeploymentPostprocessing = 0;
		};
/* End PBXResourcesBuildPhase section */

/* Begin PBXSourcesBuildPhase section */
		F85E7DFE2FAF62B500A28C60 /* Sources */ = {
			isa = PBXSourcesBuildPhase;
			buildActionMask = 2147483647;
			files = (
				F85E7E0A2FAF62B500A28C60 /* ViewController.swift in Sources */,
				F85E7E062FAF62B500A28C60 /* AppDelegate.swift in Sources */,
				F85E7E082FAF62B500A28C60 /* SceneDelegate.swift in Sources */,
			);
			runOnlyForDeploymentPostprocessing = 0;
		};
/* End PBXSourcesBuildPhase section */

/* Begin PBXVariantGroup section */
		F85E7E0B2FAF62B500A28C60 /* Main.storyboard */ = {
			isa = PBXVariantGroup;
			children = (
				F85E7E0C2FAF62B500A28C60 /* Base */,
			);
			name = Main.storyboard;
			sourceTree = "<group>";
		};
		F85E7E102FAF62B600A28C60 /* LaunchScreen.storyboard */ = {
			isa = PBXVariantGroup;
			children = (
				F85E7E112FAF62B600A28C60 /* Base */,
			);
			name = LaunchScreen.storyboard;
			sourceTree = "<group>";
		};
/* End PBXVariantGroup section */

/* Begin XCBuildConfiguration section */
		F85E7E142FAF62B600A28C60 /* Debug */ = {
			isa = XCBuildConfiguration;
			buildSettings = {
				ALWAYS_SEARCH_USER_PATHS = NO;
				CLANG_ANALYZER_NONNULL = YES;
				CLANG_ANALYZER_NUMBER_OBJECT_CONVERSION = YES_AGGRESSIVE;
				CLANG_CXX_LANGUAGE_STANDARD = "gnu++14";
				CLANG_CXX_LIBRARY = "libc++";
				CLANG_ENABLE_MODULES = YES;
				CLANG_ENABLE_OBJC_ARC = YES;
				CLANG_ENABLE_OBJC_WEAK = YES;
				CLANG_WARN_BLOCK_CAPTURE_AUTORELEASING = YES;
				CLANG_WARN_BOOL_CONVERSION = YES;
				CLANG_WARN_COMMA = YES;
				CLANG_WARN_CONSTANT_CONVERSION = YES;
				CLANG_WARN_DEPRECATED_OBJC_IMPLEMENTATIONS = YES;
				CLANG_WARN_DIRECT_OBJC_ISA_USAGE = YES_ERROR;
				CLANG_WARN_DOCUMENTATION_COMMENTS = YES;
				CLANG_WARN_EMPTY_BODY = YES;
				CLANG_WARN_ENUM_CONVERSION = YES;
				CLANG_WARN_INFINITE_RECURSION = YES;
				CLANG_WARN_INT_CONVERSION = YES;
				CLANG_WARN_NON_LITERAL_NULL_CONVERSION = YES;
				CLANG_WARN_OBJC_IMPLICIT_RETAIN_SELF = YES;
				CLANG_WARN_OBJC_LITERAL_CONVERSION = YES;
				CLANG_WARN_OBJC_ROOT_CLASS = YES_ERROR;
				CLANG_WARN_QUOTED_INCLUDE_IN_FRAMEWORK_HEADER = YES;
				CLANG_WARN_RANGE_LOOP_ANALYSIS = YES;
				CLANG_WARN_STRICT_PROTOTYPES = YES;
				CLANG_WARN_SUSPICIOUS_MOVE = YES;
				CLANG_WARN_UNGUARDED_AVAILABILITY = YES_AGGRESSIVE;
				CLANG_WARN_UNREACHABLE_CODE = YES;
				CLANG_WARN__DUPLICATE_METHOD_MATCH = YES;
				COPY_PHASE_STRIP = NO;
				DEBUG_INFORMATION_FORMAT = dwarf;
				ENABLE_STRICT_OBJC_MSGSEND = YES;
				ENABLE_TESTABILITY = YES;
				GCC_C_LANGUAGE_STANDARD = gnu11;
				GCC_DYNAMIC_NO_PIC = NO;
				GCC_NO_COMMON_BLOCKS = YES;
				GCC_OPTIMIZATION_LEVEL = 0;
				GCC_PREPROCESSOR_DEFINITIONS = (
					"DEBUG=1",
					"$(inherited)",
				);
				GCC_WARN_64_TO_32_BIT_CONVERSION = YES;
				GCC_WARN_ABOUT_RETURN_TYPE = YES_ERROR;
				GCC_WARN_UNDECLARED_SELECTOR = YES;
				GCC_WARN_UNINITIALIZED_AUTOS = YES_AGGRESSIVE;
				GCC_WARN_UNUSED_FUNCTION = YES;
				GCC_WARN_UNUSED_VARIABLE = YES;
				IPHONEOS_DEPLOYMENT_TARGET = 14.4;
				MTL_ENABLE_DEBUG_INFO = INCLUDE_SOURCE;
				MTL_FAST_MATH = YES;
				ONLY_ACTIVE_ARCH = YES;
				SDKROOT = iphoneos;
				SWIFT_ACTIVE_COMPILATION_CONDITIONS = DEBUG;
				SWIFT_OPTIMIZATION_LEVEL = "-Onone";
			};
			name = Debug;
		};
		F85E7E152FAF62B600A28C60 /* Release */ = {
			isa = XCBuildConfiguration;
			buildSettings = {
				ALWAYS_SEARCH_USER_PATHS = NO;
				CLANG_ANALYZER_NONNULL = YES;
				CLANG_ANALYZER_NUMBER_OBJECT_CONVERSION = YES_AGGRESSIVE;
				CLANG_CXX_LANGUAGE_STANDARD = "gnu++14";
				CLANG_CXX_LIBRARY = "libc++";
				CLANG_ENABLE_MODULES = YES;
				CLANG_ENABLE_OBJC_ARC = YES;
				CLANG_ENABLE_OBJC_WEAK = YES;
				CLANG_WARN_BLOCK_CAPTURE_AUTORELEASING = YES;
				CLANG_WARN_BOOL_CONVERSION = YES;
				CLANG_WARN_COMMA = YES;
				CLANG_WARN_CONSTANT_CONVERSION = YES;
				CLANG_WARN_DEPRECATED_OBJC_IMPLEMENTATIONS = YES;
				CLANG_WARN_DIRECT_OBJC_ISA_USAGE = YES_ERROR;
				CLANG_WARN_DOCUMENTATION_COMMENTS = YES;
				CLANG_WARN_EMPTY_BODY = YES;
				CLANG_WARN_ENUM_CONVERSION = YES;
				CLANG_WARN_INFINITE_RECURSION = YES;
				CLANG_WARN_INT_CONVERSION = YES;
				CLANG_WARN_NON_LITERAL_NULL_CONVERSION = YES;
				CLANG_WARN_OBJC_IMPLICIT_RETAIN_SELF = YES;
				CLANG_WARN_OBJC_LITERAL_CONVERSION = YES;
				CLANG_WARN_OBJC_ROOT_CLASS = YES_ERROR;
				CLANG_WARN_QUOTED_INCLUDE_IN_FRAMEWORK_HEADER = YES;
				CLANG_WARN_RANGE_LOOP_ANALYSIS = YES;
				CLANG_WARN_STRICT_PROTOTYPES = YES;
				CLANG_WARN_SUSPICIOUS_MOVE = YES;
				CLANG_WARN_UNGUARDED_AVAILABILITY = YES_AGGRESSIVE;
				CLANG_WARN_UNREACHABLE_CODE = YES;
				CLANG_WARN__DUPLICATE_METHOD_MATCH = YES;
				COPY_PHASE_STRIP = NO;
				DEBUG_INFORMATION_FORMAT = "dwarf-with-dsym";
				ENABLE_NS_ASSERTIONS = NO;
				ENABLE_STRICT_OBJC_MSGSEND = YES;
				GCC_C_LANGUAGE_STANDARD = gnu11;
				GCC_NO_COMMON_BLOCKS = YES;
				GCC_WARN_64_TO_32_BIT_CONVERSION = YES;
				GCC_WARN_ABOUT_RETURN_TYPE = YES_ERROR;
				GCC_WARN_UNDECLARED_SELECTOR = YES;
				GCC_WARN_UNINITIALIZED_AUTOS = YES_AGGRESSIVE;
				GCC_WARN_UNUSED_FUNCTION = YES;
				GCC_WARN_UNUSED_VARIABLE = YES;
				IPHONEOS_DEPLOYMENT_TARGET = 14.4;
				MTL_ENABLE_DEBUG_INFO = NO;
				MTL_FAST_MATH = YES;
				SDKROOT = iphoneos;
				SWIFT_COMPILATION_MODE = wholemodule;
				SWIFT_OPTIMIZATION_LEVEL = "-O";
				VALIDATE_PRODUCT = YES;
			};
			name = Release;
		};
		F85E7E172FAF62B600A28C60 /* Debug */ = {
			isa = XCBuildConfiguration;
			buildSettings = {
				ASSETCATALOG_COMPILER_APPICON_NAME = AppIcon;
				ASSETCATALOG_COMPILER_GLOBAL_ACCENT_COLOR_NAME = AccentColor;
				CODE_SIGN_STYLE = Automatic;
				DEVELOPMENT_TEAM = 54QT99JXZR;
				INFOPLIST_FILE = lab8_ex1/Info.plist;
				LD_RUNPATH_SEARCH_PATHS = (
					"$(inherited)",
					"@executable_path/Frameworks",
				);
				PRODUCT_BUNDLE_IDENTIFIER = "t.lab8-ex1";
				PRODUCT_NAME = "$(TARGET_NAME)";
				SWIFT_VERSION = 5.0;
				TARGETED_DEVICE_FAMILY = "1,2";
			};
			name = Debug;
		};
		F85E7E182FAF62B600A28C60 /* Release */ = {
			isa = XCBuildConfiguration;
			buildSettings = {
				ASSETCATALOG_COMPILER_APPICON_NAME = AppIcon;
				ASSETCATALOG_COMPILER_GLOBAL_ACCENT_COLOR_NAME = AccentColor;
				CODE_SIGN_STYLE = Automatic;
				DEVELOPMENT_TEAM = 54QT99JXZR;
				INFOPLIST_FILE = lab8_ex1/Info.plist;
				LD_RUNPATH_SEARCH_PATHS = (
					"$(inherited)",
					"@executable_path/Frameworks",
				);
				PRODUCT_BUNDLE_IDENTIFIER = "t.lab8-ex1";
				PRODUCT_NAME = "$(TARGET_NAME)";
				SWIFT_VERSION = 5.0;
				TARGETED_DEVICE_FAMILY = "1,2";
			};
			name = Release;
		};
/* End XCBuildConfiguration section */

/* Begin XCConfigurationList section */
		F85E7DFD2FAF62B500A28C60 /* Build configuration list for PBXProject "lab8_ex1" */ = {
			isa = XCConfigurationList;
			buildConfigurations = (
				F85E7E142FAF62B600A28C60 /* Debug */,
				F85E7E152FAF62B600A28C60 /* Release */,
			);
			defaultConfigurationIsVisible = 0;
			defaultConfigurationName = Release;
		};
		F85E7E162FAF62B600A28C60 /* Build configuration list for PBXNativeTarget "lab8_ex1" */ = {
			isa = XCConfigurationList;
			buildConfigurations = (
				F85E7E172FAF62B600A28C60 /* Debug */,
				F85E7E182FAF62B600A28C60 /* Release */,
			);
			defaultConfigurationIsVisible = 0;
			defaultConfigurationName = Release;
		};
/* End XCConfigurationList section */
	};
	rootObject = F85E7DFA2FAF62B500A28C60 /* Project object */;
}
